# THIS IS AN AUTOGENERATED FILE. DO NOT EDIT THIS FILE DIRECTLY.
# yarn lockfile v1


react-hook-form@^7.51.4:
  version "7.51.4"
  resolved "https://registry.yarnpkg.com/react-hook-form/-/react-hook-form-7.51.4.tgz#c3a47aeb22b699c45de9fc12b58763606cb52f0c"
  integrity sha512-V14i8SEkh+V1gs6YtD0hdHYnoL4tp/HX/A45wWQN15CYr9bFRmmRdYStSO5L65lCCZRF+kYiSKhm9alqbcdiVA==
